

<Solution>  <Project Path="src/BuildingBlocks/SmartSchool.Application/SmartSchool.Application.csproj" />  <Project Path="src/BuildingBlocks/SmartSchool.BackgroundJobs/SmartSchool.BackgroundJobs.csproj" />  <Project Path="src/BuildingBlocks/SmartSchool.Infrastructure/SmartSchool.Infrastructure.csproj" />  <Project Path="src/BuildingBlocks/SmartSchool.SharedKernel/SmartSchool.SharedKernel.csproj" />  <Project Path="src/Modules/Activities/SmartSchool.Modules.Activities.csproj" />  <Project Path="src/Modules/Admissions/SmartSchool.Modules.Admissions.csproj" />  <Project Path="src/Modules/AICore/SmartSchool.Modules.AICore.csproj" />  <Project Path="src/Modules/AIInquiry/SmartSchool.Modules.AIInquiry.csproj" />  <Project Path="src/Modules/AIParent/SmartSchool.Modules.AIParent.csproj" />  <Project Path="src/Modules/AIPrediction/SmartSchool.Modules.AIPrediction.csproj" />  <Project Path="src/Modules/AITutor/SmartSchool.Modules.AITutor.csproj" />  <Project Path="src/Modules/Audit/SmartSchool.Modules.Audit.csproj" />  <Project Path="src/Modules/Communication/SmartSchool.Modules.Communication.csproj" />  <Project Path="src/Modules/Documents/SmartSchool.Modules.Documents.csproj" />  <Project Path="src/Modules/Examinations/SmartSchool.Modules.Examinations.csproj" />  <Project Path="src/Modules/Finance/SmartSchool.Modules.Finance.csproj" />  <Project Path="src/Modules/HR/SmartSchool.Modules.HR.csproj" />  <Project Path="src/Modules/Identity/SmartSchool.Modules.Identity.csproj" />  <Project Path="src/Modules/Inventory/SmartSchool.Modules.Inventory.csproj" />  <Project Path="src/Modules/Learning/SmartSchool.Modules.Learning.csproj" />  <Project Path="src/Modules/Library/SmartSchool.Modules.Library.csproj" />  <Project Path="src/Modules/Organization/SmartSchool.Modules.Organization.csproj" />  <Project Path="src/Modules/Reference/SmartSchool.Modules.Reference.csproj" />  <Project Path="src/Modules/Students/SmartSchool.Modules.Students.csproj" />  <Project Path="src/Modules/Transport/SmartSchool.Modules.Transport.csproj" />  <Project Path="src/Modules/Workflow/SmartSchool.Modules.Workflow.csproj" />  <Project Path="src/SmartSchool.Api/SmartSchool.Api.csproj" />  <Project Path="src/SmartSchool.AppHost/SmartSchool.AppHost.csproj" />  <Project Path="src/SmartSchool.Identity.Api/SmartSchool.Identity.Api.csproj" /></Solution>
